// !$*UTF8*$!
{
	archiveVersion = 1;
	classes = {
	};
	objectVersion = 50;
	objects = {

/* Begin PBXBuildFile section */
		79C28C36218C8EDB00F959F8 /* Page.swift in Sources */ = {isa = PBXBuildFile; fileRef = 79C28C35218C8EDB00F959F8 /* Page.swift */; };
		79C28C38218C8F6100F959F8 /* Main.storyboard in Resources */ = {isa = PBXBuildFile; fileRef = 79C28C37218C8F6100F959F8 /* Main.storyboard */; };
		79C28C3A218C900F00F959F8 /* ViewController2.swift in Sources */ = {isa = PBXBuildFile; fileRef = 79C28C39218C900F00F959F8 /* ViewController2.swift */; };
		79C28C3C218C901F00F959F8 /* ViewController3.swift in Sources */ = {isa = PBXBuildFile; fileRef = 79C28C3B218C901E00F959F8 /* ViewController3.swift */; };
		79DE0D5F218BA8C000FC2B40 /* AppDelegate.swift in Sources */ = {isa = PBXBuildFile; fileRef = 79DE0D5E218BA8C000FC2B40 /* AppDelegate.swift */; };
		79DE0D61218BA8C000FC2B40 /* ViewController.swift in Sources */ = {isa = PBXBuildFile; fileRef = 79DE0D60218BA8C000FC2B40 /* ViewController.swift */; };
		79DE0D66218BA8C000FC2B40 /* Assets.xcassets in Resources */ = {isa = PBXBuildFile; fileRef = 79DE0D65218BA8C000FC2B40 /* Assets.xcassets */; };
		79DE0D69218BA8C000FC2B40 /* LaunchScreen.storyboard in Resources */ = {isa = PBXBuildFile; fileRef = 79DE0D67218BA8C000FC2B40 /* LaunchScreen.storyboard */; };
/* End PBXBuildFile section */

/* Begin PBXFileReference section */
		79C28C35218C8EDB00F959F8 /* Page.swift */ = {isa = PBXFileReference; lastKnownFileType = sourcecode.swift; path = Page.swift; sourceTree = "<group>"; };
		79C28C37218C8F6100F959F8 /* Main.storyboard */ = {isa = PBXFileReference; fileEncoding = 4; lastKnownFileType = file.storyboard; path = Main.storyboard; sourceTree = "<group>"; };
		79C28C39218C900F00F959F8 /* ViewController2.swift */ = {isa = PBXFileReference; lastKnownFileType = sourcecode.swift; path = ViewController2.swift; sourceTree = "<group>"; };
		79C28C3B218C901E00F959F8 /* ViewController3.swift */ = {isa = PBXFileReference; lastKnownFileType = sourcecode.swift; path = ViewController3.swift; sourceTree = "<group>"; };
		79DE0D5B218BA8C000FC2B40 /* MAD9137_F18_Pick-a-Path.app */ = {isa = PBXFileReference; explicitFileType = wrapper.application; includeInIndex = 0; path = "MAD9137_F18_Pick-a-Path.app"; sourceTree = BUILT_PRODUCTS_DIR; };
		79DE0D5E218BA8C000FC2B40 /* AppDelegate.swift */ = {isa = PBXFileReference; lastKnownFileType = sourcecode.swift; path = AppDelegate.swift; sourceTree = "<group>"; };
		79DE0D60218BA8C000FC2B40 /* ViewController.swift */ = {isa = PBXFileReference; lastKnownFileType = sourcecode.swift; path = ViewController.swift; sourceTree = "<group>"; };
		79DE0D65218BA8C000FC2B40 /* Assets.xcassets */ = {isa = PBXFileReference; lastKnownFileType = folder.assetcatalog; path = Assets.xcassets; sourceTree = "<group>"; };
		79DE0D68218BA8C000FC2B40 /* Base */ = {isa = PBXFileReference; lastKnownFileType = file.storyboard; name = Base; path = Base.lproj/LaunchScreen.storyboard; sourceTree = "<group>"; };
		79DE0D6A218BA8C000FC2B40 /* Info.plist */ = {isa = PBXFileReference; lastKnownFileType = text.plist.xml; path = Info.plist; sourceTree = "<group>"; };
/* End PBXFileReference section */

/* Begin PBXFrameworksBuildPhase section */
		79DE0D58218BA8C000FC2B40 /* Frameworks */ = {
			isa = PBXFrameworksBuildPhase;
			buildActionMask = 2147483647;
			files = (
			);
			runOnlyForDeploymentPostprocessing = 0;
		};
/* End PBXFrameworksBuildPhase section */

/* Begin PBXGroup section */
		79DE0D52218BA8BF00FC2B40 = {
			isa = PBXGroup;
			children = (
				79DE0D5D218BA8C000FC2B40 /* MAD9137_F18_Pick-a-Path */,
				79DE0D5C218BA8C000FC2B40 /* Products */,
			);
			sourceTree = "<group>";
		};
		79DE0D5C218BA8C000FC2B40 /* Products */ = {
			isa = PBXGroup;
			children = (
				79DE0D5B218BA8C000FC2B40 /* MAD9137_F18_Pick-a-Path.app */,
			);
			name = Products;
			sourceTree = "<group>";
		};
		79DE0D5D218BA8C000FC2B40 /* MAD9137_F18_Pick-a-Path */ = {
			isa = PBXGroup;
			children = (
				79C28C37218C8F6100F959F8 /* Main.storyboard */,
				79DE0D5E218BA8C000FC2B40 /* AppDelegate.swift */,
				79DE0D60218BA8C000FC2B40 /* ViewController.swift */,
				79DE0D65218BA8C000FC2B40 /* Assets.xcassets */,
				79DE0D67218BA8C000FC2B40 /* LaunchScreen.storyboard */,
				79DE0D6A218BA8C000FC2B40 /* Info.plist */,
				79C28C35218C8EDB00F959F8 /* Page.swift */,
				79C28C39218C900F00F959F8 /* ViewController2.swift */,
				79C28C3B218C901E00F959F8 /* ViewController3.swift */,
			);
			path = "MAD9137_F18_Pick-a-Path";
			sourceTree = "<group>";
		};
/* End PBXGroup section */

/* Begin PBXNativeTarget section */
		79DE0D5A218BA8C000FC2B40 /* MAD9137_F18_Pick-a-Path */ = {
			isa = PBXNativeTarget;
			buildConfigurationList = 79DE0D6D218BA8C000FC2B40 /* Build configuration list for PBXNativeTarget "MAD9137_F18_Pick-a-Path" */;
			buildPhases = (
				79DE0D57218BA8C000FC2B40 /* Sources */,
				79DE0D58218BA8C000FC2B40 /* Frameworks */,
				79DE0D59218BA8C000FC2B40 /* Resources */,
			);
			buildRules = (
			);
			dependencies = (
			);
			name = "MAD9137_F18_Pick-a-Path";
			productName = "MAD9137_F18_Pick-a-Path";
			productReference = 79DE0D5B218BA8C000FC2B40 /* MAD9137_F18_Pick-a-Path.app */;
			productType = "com.apple.product-type.application";
		};
/* End PBXNativeTarget section */

/* Begin PBXProject section */
		79DE0D53218BA8BF00FC2B40 /* Project object */ = {
			isa = PBXProject;
			attributes = {
				LastSwiftUpdateCheck = 1000;
				LastUpgradeCheck = 1000;
				ORGANIZATIONNAME = "Ernilo Dallaagnolo Junior";
				TargetAttributes = {
					79DE0D5A218BA8C000FC2B40 = {
						CreatedOnToolsVersion = 10.0;
					};
				};
			};
			buildConfigurationList = 79DE0D56218BA8BF00FC2B40 /* Build configuration list for PBXProject "MAD9137_F18_Pick-a-Path" */;
			compatibilityVersion = "Xcode 9.3";
			developmentRegion = en;
			hasScannedForEncodings = 0;
			knownRegions = (
				en,
				Base,
			);
			mainGroup = 79DE0D52218BA8BF00FC2B40;
			productRefGroup = 79DE0D5C218BA8C000FC2B40 /* Products */;
			projectDirPath = "";
			projectRoot = "";
			targets = (
				79DE0D5A218BA8C000FC2B40 /* MAD9137_F18_Pick-a-Path */,
			);
		};
/* End PBXProject section */

/* Begin PBXResourcesBuildPhase section */
		79DE0D59218BA8C000FC2B40 /* Resources */ = {
			isa = PBXResourcesBuildPhase;
			buildActionMask = 2147483647;
			files = (
				79C28C38218C8F6100F959F8 /* Main.storyboard in Resources */,
				79DE0D69218BA8C000FC2B40 /* LaunchScreen.storyboard in Resources */,
				79DE0D66218BA8C000FC2B40 /* Assets.xcassets in Resources */,
			);
			runOnlyForDeploymentPostprocessing = 0;
		};
/* End PBXResourcesBuildPhase section */

/* Begin PBXSourcesBuildPhase section */
		79DE0D57218BA8C000FC2B40 /* Sources */ = {
			isa = PBXSourcesBuildPhase;
			buildActionMask = 2147483647;
			files = (
				79C28C3C218C901F00F959F8 /* ViewController3.swift in Sources */,
				79DE0D61218BA8C000FC2B40 /* ViewController.swift in Sources */,
				79C28C3A218C900F00F959F8 /* ViewController2.swift in Sources */,
				79DE0D5F218BA8C000FC2B40 /* AppDelegate.swift in Sources */,
				79C28C36218C8EDB00F959F8 /* Page.swift in Sources */,
			);
			runOnlyForDeploymentPostprocessing = 0;
		};
/* End PBXSourcesBuildPhase section */

/* Begin PBXVariantGroup section */
		79DE0D67218BA8C000FC2B40 /* LaunchScreen.storyboard */ = {
			isa = PBXVariantGroup;
			children = (
				79DE0D68218BA8C000FC2B40 /* Base */,
			);
			name = LaunchScreen.storyboard;
			sourceTree = "<group>";
		};
/* End PBXVariantGroup section */

/* Begin XCBuildConfiguration section */
		79DE0D6B218BA8C000FC2B40 /* Debug */ = {
			isa = XCBuildConfiguration;
			buildSettings = {
				ALWAYS_SEARCH_USER_PATHS = NO;
				CLANG_ANALYZER_NONNULL = YES;
				CLANG_ANALYZER_NUMBER_OBJECT_CONVERSION = YES_AGGRESSIVE;
				CLANG_CXX_LANGUAGE_STANDARD = "gnu++14";
				CLANG_CXX_LIBRARY = "libc++";
				CLANG_ENABLE_MODULES = YES;
				CLANG_ENABLE_OBJC_ARC = YES;
				CLANG_ENABLE_OBJC_WEAK = YES;
				CLANG_WARN_BLOCK_CAPTURE_AUTORELEASING = YES;
				CLANG_WARN_BOOL_CONVERSION = YES;
				CLANG_WARN_COMMA = YES;
				CLANG_WARN_CONSTANT_CONVERSION = YES;
				CLANG_WARN_DEPRECATED_OBJC_IMPLEMENTATIONS = YES;
				CLANG_WARN_DIRECT_OBJC_ISA_USAGE = YES_ERROR;
				CLANG_WARN_DOCUMENTATION_COMMENTS = YES;
				CLANG_WARN_EMPTY_BODY = YES;
				CLANG_WARN_ENUM_CONVERSION = YES;
				CLANG_WARN_INFINITE_RECURSION = YES;
				CLANG_WARN_INT_CONVERSION = YES;
				CLANG_WARN_NON_LITERAL_NULL_CONVERSION = YES;
				CLANG_WARN_OBJC_IMPLICIT_RETAIN_SELF = YES;
				CLANG_WARN_OBJC_LITERAL_CONVERSION = YES;
				CLANG_WARN_OBJC_ROOT_CLASS = YES_ERROR;
				CLANG_WARN_RANGE_LOOP_ANALYSIS = YES;
				CLANG_WARN_STRICT_PROTOTYPES = YES;
				CLANG_WARN_SUSPICIOUS_MOVE = YES;
				CLANG_WARN_UNGUARDED_AVAILABILITY = YES_AGGRESSIVE;
				CLANG_WARN_UNREACHABLE_CODE = YES;
				CLANG_WARN__DUPLICATE_METHOD_MATCH = YES;
				CODE_SIGN_IDENTITY = "iPhone Developer";
				COPY_PHASE_STRIP = NO;
				DEBUG_INFORMATION_FORMAT = dwarf;
				ENABLE_STRICT_OBJC_MSGSEND = YES;
				ENABLE_TESTABILITY = YES;
				GCC_C_LANGUAGE_STANDARD = gnu11;
				GCC_DYNAMIC_NO_PIC = NO;
				GCC_NO_COMMON_BLOCKS = YES;
				GCC_OPTIMIZATION_LEVEL = 0;
				GCC_PREPROCESSOR_DEFINITIONS = (
					"DEBUG=1",
					"$(inherited)",
				);
				GCC_WARN_64_TO_32_BIT_CONVERSION = YES;
				GCC_WARN_ABOUT_RETURN_TYPE = YES_ERROR;
				GCC_WARN_UNDECLARED_SELECTOR = YES;
				GCC_WARN_UNINITIALIZED_AUTOS = YES_AGGRESSIVE;
				GCC_WARN_UNUSED_FUNCTION = YES;
				GCC_WARN_UNUSED_VARIABLE = YES;
				IPHONEOS_DEPLOYMENT_TARGET = 12.0;
				MTL_ENABLE_DEBUG_INFO = INCLUDE_SOURCE;
				MTL_FAST_MATH = YES;
				ONLY_ACTIVE_ARCH = YES;
				SDKROOT = iphoneos;
				SWIFT_ACTIVE_COMPILATION_CONDITIONS = DEBUG;
				SWIFT_OPTIMIZATION_LEVEL = "-Onone";
			};
			name = Debug;
		};
		79DE0D6C218BA8C000FC2B40 /* Release */ = {
			isa = XCBuildConfiguration;
			buildSettings = {
				ALWAYS_SEARCH_USER_PATHS = NO;
				CLANG_ANALYZER_NONNULL = YES;
				CLANG_ANALYZER_NUMBER_OBJECT_CONVERSION = YES_AGGRESSIVE;
				CLANG_CXX_LANGUAGE_STANDARD = "gnu++14";
				CLANG_CXX_LIBRARY = "libc++";
				CLANG_ENABLE_MODULES = YES;
				CLANG_ENABLE_OBJC_ARC = YES;
				CLANG_ENABLE_OBJC_WEAK = YES;
				CLANG_WARN_BLOCK_CAPTURE_AUTORELEASING = YES;
				CLANG_WARN_BOOL_CONVERSION = YES;
				CLANG_WARN_COMMA = YES;
				CLANG_WARN_CONSTANT_CONVERSION = YES;
				CLANG_WARN_DEPRECATED_OBJC_IMPLEMENTATIONS = YES;
				CLANG_WARN_DIRECT_OBJC_ISA_USAGE = YES_ERROR;
				CLANG_WARN_DOCUMENTATION_COMMENTS = YES;
				CLANG_WARN_EMPTY_BODY = YES;
				CLANG_WARN_ENUM_CONVERSION = YES;
				CLANG_WARN_INFINITE_RECURSION = YES;
				CLANG_WARN_INT_CONVERSION = YES;
				CLANG_WARN_NON_LITERAL_NULL_CONVERSION = YES;
				CLANG_WARN_OBJC_IMPLICIT_RETAIN_SELF = YES;
				CLANG_WARN_OBJC_LITERAL_CONVERSION = YES;
				CLANG_WARN_OBJC_ROOT_CLASS = YES_ERROR;
				CLANG_WARN_RANGE_LOOP_ANALYSIS = YES;
				CLANG_WARN_STRICT_PROTOTYPES = YES;
				CLANG_WARN_SUSPICIOUS_MOVE = YES;
				CLANG_WARN_UNGUARDED_AVAILABILITY = YES_AGGRESSIVE;
				CLANG_WARN_UNREACHABLE_CODE = YES;
				CLANG_WARN__DUPLICATE_METHOD_MATCH = YES;
				CODE_SIGN_IDENTITY = "iPhone Developer";
				COPY_PHASE_STRIP = NO;
				DEBUG_INFORMATION_FORMAT = "dwarf-with-dsym";
				ENABLE_NS_ASSERTIONS = NO;
				ENABLE_STRICT_OBJC_MSGSEND = YES;
				GCC_C_LANGUAGE_STANDARD = gnu11;
				GCC_NO_COMMON_BLOCKS = YES;
				GCC_WARN_64_TO_32_BIT_CONVERSION = YES;
				GCC_WARN_ABOUT_RETURN_TYPE = YES_ERROR;
				GCC_WARN_UNDECLARED_SELECTOR = YES;
				GCC_WARN_UNINITIALIZED_AUTOS = YES_AGGRESSIVE;
				GCC_WARN_UNUSED_FUNCTION = YES;
				GCC_WARN_UNUSED_VARIABLE = YES;
				IPHONEOS_DEPLOYMENT_TARGET = 12.0;
				MTL_ENABLE_DEBUG_INFO = NO;
				MTL_FAST_MATH = YES;
				SDKROOT = iphoneos;
				SWIFT_COMPILATION_MODE = wholemodule;
				SWIFT_OPTIMIZATION_LEVEL = "-O";
				VALIDATE_PRODUCT = YES;
			};
			name = Release;
		};
		79DE0D6E218BA8C000FC2B40 /* Debug */ = {
			isa = XCBuildConfiguration;
			buildSettings = {
				ASSETCATALOG_COMPILER_APPICON_NAME = AppIcon;
				CODE_SIGN_STYLE = Automatic;
				DEVELOPMENT_TEAM = V94L67MHG8;
				INFOPLIST_FILE = "MAD9137_F18_Pick-a-Path/Info.plist";
				LD_RUNPATH_SEARCH_PATHS = (
					"$(inherited)",
					"@executable_path/Frameworks",
				);
				PRODUCT_BUNDLE_IDENTIFIER = "dall0078.MAD9137-F18-Pick-a-Path";
				PRODUCT_NAME = "$(TARGET_NAME)";
				SWIFT_VERSION = 4.2;
				TARGETED_DEVICE_FAMILY = "1,2";
			};
			name = Debug;
		};
		79DE0D6F218BA8C000FC2B40 /* Release */ = {
			isa = XCBuildConfiguration;
			buildSettings = {
				ASSETCATALOG_COMPILER_APPICON_NAME = AppIcon;
				CODE_SIGN_STYLE = Automatic;
				DEVELOPMENT_TEAM = V94L67MHG8;
				INFOPLIST_FILE = "MAD9137_F18_Pick-a-Path/Info.plist";
				LD_RUNPATH_SEARCH_PATHS = (
					"$(inherited)",
					"@executable_path/Frameworks",
				);
				PRODUCT_BUNDLE_IDENTIFIER = "dall0078.MAD9137-F18-Pick-a-Path";
				PRODUCT_NAME = "$(TARGET_NAME)";
				SWIFT_VERSION = 4.2;
				TARGETED_DEVICE_FAMILY = "1,2";
			};
			name = Release;
		};
/* End XCBuildConfiguration section */

/* Begin XCConfigurationList section */
		79DE0D56218BA8BF00FC2B40 /* Build configuration list for PBXProject "MAD9137_F18_Pick-a-Path" */ = {
			isa = XCConfigurationList;
			buildConfigurations = (
				79DE0D6B218BA8C000FC2B40 /* Debug */,
				79DE0D6C218BA8C000FC2B40 /* Release */,
			);
			defaultConfigurationIsVisible = 0;
			defaultConfigurationName = Release;
		};
		79DE0D6D218BA8C000FC2B40 /* Build configuration list for PBXNativeTarget "MAD9137_F18_Pick-a-Path" */ = {
			isa = XCConfigurationList;
			buildConfigurations = (
				79DE0D6E218BA8C000FC2B40 /* Debug */,
				79DE0D6F218BA8C000FC2B40 /* Release */,
			);
			defaultConfigurationIsVisible = 0;
			defaultConfigurationName = Release;
		};
/* End XCConfigurationList section */
	};
	rootObject = 79DE0D53218BA8BF00FC2B40 /* Project object */;
}
